// !$*UTF8*$!
{
	archiveVersion = 1;
	classes = {
	};
	objectVersion = 77;
	objects = {

/* Begin PBXBuildFile section */
		06128475B71778340E8B4BC8 /* TransportBar.swift in Sources */ = {isa = PBXBuildFile; fileRef = 74C7F7D03B9B3A8942476CA1 /* TransportBar.swift */; };
		0A96756D328EC29AD5EF3295 /* ContentView.swift in Sources */ = {isa = PBXBuildFile; fileRef = 01448C727D3CEEEB5614C38E /* ContentView.swift */; };
		172B04715C5A643DBF32C688 /* KokoroVoice.swift in Sources */ = {isa = PBXBuildFile; fileRef = FDABD302D4BDBC397B3B7179 /* KokoroVoice.swift */; };
		2756435A953083B4CC21ABFE /* KokoroSwift in Embed Frameworks */ = {isa = PBXBuildFile; productRef = 3262D17CD670139865F076C4 /* KokoroSwift */; settings = {ATTRIBUTES = (CodeSignOnCopy, RemoveHeadersOnCopy, ); }; };
		30F67D4B65F0BBCBA9A1E4B1 /* KokoroSpeechEngine.swift in Sources */ = {isa = PBXBuildFile; fileRef = F540B871D61B8D9F02FE1019 /* KokoroSpeechEngine.swift */; };
		34512C71B527977C7DE7A872 /* WAVEncoder.swift in Sources */ = {isa = PBXBuildFile; fileRef = B8CECDAE8DC7C08A63F079FA /* WAVEncoder.swift */; };
		3594DABCACDD582E7E81028F /* MLX in Frameworks */ = {isa = PBXBuildFile; productRef = 63725182199955D75243A072 /* MLX */; };
		3BACFB715A09CB9011F4EAF5 /* Assets.xcassets in Resources */ = {isa = PBXBuildFile; fileRef = BC1C262969B544CB61E2ED0C /* Assets.xcassets */; };
		3EB287A573F4052A684B48A7 /* LocalAudioApp.swift in Sources */ = {isa = PBXBuildFile; fileRef = 616311D0487900ACAF23CF05 /* LocalAudioApp.swift */; };
		3FDE8C27852559E1B079227F /* IPhoneContentView.swift in Sources */ = {isa = PBXBuildFile; fileRef = FB1255D1D3E2B3AE83D69B99 /* IPhoneContentView.swift */; };
		40D28C18F89FDFA63DEA81FA /* SpeechSettings.swift in Sources */ = {isa = PBXBuildFile; fileRef = 263D0CA21A6BB46CF475D3A5 /* SpeechSettings.swift */; };
		45CADA159E292888298F5983 /* AppModel.swift in Sources */ = {isa = PBXBuildFile; fileRef = D289928B346B4C5F767B9B2D /* AppModel.swift */; };
		46D2375226246A45DC9CF62B /* WAVEncoder.swift in Sources */ = {isa = PBXBuildFile; fileRef = B8CECDAE8DC7C08A63F079FA /* WAVEncoder.swift */; };
		471BB1791C1966742B3D6F05 /* AudioProcessorTests.swift in Sources */ = {isa = PBXBuildFile; fileRef = 336C5F221FEEA8EB03B22D6A /* AudioProcessorTests.swift */; };
		57C042C75AD15F948C2F1473 /* KokoroInferenceSmokeTests.swift in Sources */ = {isa = PBXBuildFile; fileRef = 7C33D31FE7BF24337BA8DE97 /* KokoroInferenceSmokeTests.swift */; };
		5B41E237B86B834021173278 /* WAVEncoderTests.swift in Sources */ = {isa = PBXBuildFile; fileRef = 577F4C0D53F0C329B3FFCE56 /* WAVEncoderTests.swift */; };
		5E41645583FE07ECCE1B2B09 /* AudioPlayerController.swift in Sources */ = {isa = PBXBuildFile; fileRef = B7C9884F24026F012AAFAEC6 /* AudioPlayerController.swift */; };
		5F9E91EEEE74740C981A34C0 /* TextChunker.swift in Sources */ = {isa = PBXBuildFile; fileRef = 480D24FCE0D44504CE1B933C /* TextChunker.swift */; };
		600E0D7197C2505DEF075748 /* AppModel.swift in Sources */ = {isa = PBXBuildFile; fileRef = D289928B346B4C5F767B9B2D /* AppModel.swift */; };
		6296FD8181EF54A4C1861EFE /* AudioPlayerController.swift in Sources */ = {isa = PBXBuildFile; fileRef = B7C9884F24026F012AAFAEC6 /* AudioPlayerController.swift */; };
		641875A45965F340A3D140AD /* WaveformView.swift in Sources */ = {isa = PBXBuildFile; fileRef = ED2D3E1F742E93F407C20FA1 /* WaveformView.swift */; };
		6D3F7948D23C5ADB30FA8C60 /* Theme.swift in Sources */ = {isa = PBXBuildFile; fileRef = 42DB18A29CBA6ADE55927586 /* Theme.swift */; };
		8221EA70FAD8A177458AA187 /* AudioProcessor.swift in Sources */ = {isa = PBXBuildFile; fileRef = 921F75C25622003F1A870093 /* AudioProcessor.swift */; };
		82FBED6211D8C1E5F7891AAB /* AudioProcessor.swift in Sources */ = {isa = PBXBuildFile; fileRef = 921F75C25622003F1A870093 /* AudioProcessor.swift */; };
		840682CB4007EB28949A5E4E /* TextChunkerTests.swift in Sources */ = {isa = PBXBuildFile; fileRef = 1CD9F380E222A13B6DF42E03 /* TextChunkerTests.swift */; };
		8CC0C0C9D52AE24C5353AEDB /* KokoroSpeechEngine.swift in Sources */ = {isa = PBXBuildFile; fileRef = F540B871D61B8D9F02FE1019 /* KokoroSpeechEngine.swift */; };
		95922E55190E4607AABEFC11 /* WAVEncoderTests.swift in Sources */ = {isa = PBXBuildFile; fileRef = 577F4C0D53F0C329B3FFCE56 /* WAVEncoderTests.swift */; };
		97AD7E122215AB062393F41D /* MLX in Frameworks */ = {isa = PBXBuildFile; productRef = 2D1B537EA94B96AC4854C160 /* MLX */; };
		97E6C010F52760135AC02BDF /* InspectorPane.swift in Sources */ = {isa = PBXBuildFile; fileRef = 46FC76E061DF29F9B7397E1B /* InspectorPane.swift */; };
		9B77CD2CAC5DAF2155164941 /* KokoroSwift in Embed Frameworks */ = {isa = PBXBuildFile; productRef = 5ED8BD2848E32CE733491BD2 /* KokoroSwift */; settings = {ATTRIBUTES = (CodeSignOnCopy, RemoveHeadersOnCopy, ); }; };
		ABB1B847614A83E2607BDC27 /* TextChunker.swift in Sources */ = {isa = PBXBuildFile; fileRef = 480D24FCE0D44504CE1B933C /* TextChunker.swift */; };
		B11CCD722A17371F8FC24550 /* KokoroVoice.swift in Sources */ = {isa = PBXBuildFile; fileRef = FDABD302D4BDBC397B3B7179 /* KokoroVoice.swift */; };
		B14AE2002FFF63DBDF640BEF /* TextChunkerTests.swift in Sources */ = {isa = PBXBuildFile; fileRef = 1CD9F380E222A13B6DF42E03 /* TextChunkerTests.swift */; };
		B2B42429B33EE3A83B90BAAC /* KokoroSwift in Frameworks */ = {isa = PBXBuildFile; productRef = 5ED8BD2848E32CE733491BD2 /* KokoroSwift */; };
		B9CFD81AEB76DB8FFB76FB98 /* IPhoneContentView.swift in Sources */ = {isa = PBXBuildFile; fileRef = FB1255D1D3E2B3AE83D69B99 /* IPhoneContentView.swift */; };
		BF9604F808E0BE19DD792E48 /* ModelSetupView.swift in Sources */ = {isa = PBXBuildFile; fileRef = A1A7207D7BB68948076A968C /* ModelSetupView.swift */; };
		CB298798B6E3E0B787CC550E /* LocalAudioApp.swift in Sources */ = {isa = PBXBuildFile; fileRef = 616311D0487900ACAF23CF05 /* LocalAudioApp.swift */; };
		CB3D6760C62F94AF2306669C /* WaveformView.swift in Sources */ = {isa = PBXBuildFile; fileRef = ED2D3E1F742E93F407C20FA1 /* WaveformView.swift */; };
		DBCFC11F7541F7950B45E293 /* ModelStore.swift in Sources */ = {isa = PBXBuildFile; fileRef = F578FC7A4C6000A6EA900DB1 /* ModelStore.swift */; };
		DD68223B7AD33DBC229F7025 /* KokoroInferenceSmokeTests.swift in Sources */ = {isa = PBXBuildFile; fileRef = 7C33D31FE7BF24337BA8DE97 /* KokoroInferenceSmokeTests.swift */; };
		DDEBC285361C7464BEF0AED7 /* EditorPane.swift in Sources */ = {isa = PBXBuildFile; fileRef = 92F336CAEB97BB69E920897A /* EditorPane.swift */; };
		E6242F2F4272BB9D959E66E3 /* Theme.swift in Sources */ = {isa = PBXBuildFile; fileRef = 42DB18A29CBA6ADE55927586 /* Theme.swift */; };
		EB6EF1DC9855492ECB9CB049 /* KokoroSwift in Frameworks */ = {isa = PBXBuildFile; productRef = 3262D17CD670139865F076C4 /* KokoroSwift */; };
		EDB1AF8A1207545857CD6277 /* Assets.xcassets in Resources */ = {isa = PBXBuildFile; fileRef = BC1C262969B544CB61E2ED0C /* Assets.xcassets */; };
		F0D44CAD73E66B6194E9CB11 /* ModelStore.swift in Sources */ = {isa = PBXBuildFile; fileRef = F578FC7A4C6000A6EA900DB1 /* ModelStore.swift */; };
		F1C7BD7CE9CE6DA444AA8763 /* AudioProcessorTests.swift in Sources */ = {isa = PBXBuildFile; fileRef = 336C5F221FEEA8EB03B22D6A /* AudioProcessorTests.swift */; };
		F68419AD48689B1F3F498F9E /* SpeechSettings.swift in Sources */ = {isa = PBXBuildFile; fileRef = 263D0CA21A6BB46CF475D3A5 /* SpeechSettings.swift */; };
/* End PBXBuildFile section */

/* Begin PBXContainerItemProxy section */
		59A1349B8B229ABC7C2D1400 /* PBXContainerItemProxy */ = {
			isa = PBXContainerItemProxy;
			containerPortal = FCBDBF3915A658892B53EC3A /* Project object */;
			proxyType = 1;
			remoteGlobalIDString = 92AB487109B9F1DAB7926457;
			remoteInfo = EchoLocal;
		};
		F649B0689831490728AFBB2A /* PBXContainerItemProxy */ = {
			isa = PBXContainerItemProxy;
			containerPortal = FCBDBF3915A658892B53EC3A /* Project object */;
			proxyType = 1;
			remoteGlobalIDString = 9DA8AB6E01321FE689DA23FA;
			remoteInfo = EchoLocaliOS;
		};
/* End PBXContainerItemProxy section */

/* Begin PBXCopyFilesBuildPhase section */
		0D10E8ECF33912FDDA8224E9 /* Embed Frameworks */ = {
			isa = PBXCopyFilesBuildPhase;
			buildActionMask = 2147483647;
			dstPath = "";
			dstSubfolderSpec = 10;
			files = (
				9B77CD2CAC5DAF2155164941 /* KokoroSwift in Embed Frameworks */,
			);
			name = "Embed Frameworks";
			runOnlyForDeploymentPostprocessing = 0;
		};
		193FD1FCB389CEC59AD5FD4B /* Embed Frameworks */ = {
			isa = PBXCopyFilesBuildPhase;
			buildActionMask = 2147483647;
			dstPath = "";
			dstSubfolderSpec = 10;
			files = (
				2756435A953083B4CC21ABFE /* KokoroSwift in Embed Frameworks */,
			);
			name = "Embed Frameworks";
			runOnlyForDeploymentPostprocessing = 0;
		};
/* End PBXCopyFilesBuildPhase section */

/* Begin PBXFileReference section */
		01448C727D3CEEEB5614C38E /* ContentView.swift */ = {isa = PBXFileReference; lastKnownFileType = sourcecode.swift; path = ContentView.swift; sourceTree = "<group>"; };
		1CD9F380E222A13B6DF42E03 /* TextChunkerTests.swift */ = {isa = PBXFileReference; lastKnownFileType = sourcecode.swift; path = TextChunkerTests.swift; sourceTree = "<group>"; };
		263D0CA21A6BB46CF475D3A5 /* SpeechSettings.swift */ = {isa = PBXFileReference; lastKnownFileType = sourcecode.swift; path = SpeechSettings.swift; sourceTree = "<group>"; };
		336C5F221FEEA8EB03B22D6A /* AudioProcessorTests.swift */ = {isa = PBXFileReference; lastKnownFileType = sourcecode.swift; path = AudioProcessorTests.swift; sourceTree = "<group>"; };
		40D62E90B4FF22342A63A9E4 /* EchoLocaliOSTests.xctest */ = {isa = PBXFileReference; includeInIndex = 0; lastKnownFileType = wrapper.cfbundle; path = EchoLocaliOSTests.xctest; sourceTree = BUILT_PRODUCTS_DIR; };
		42DB18A29CBA6ADE55927586 /* Theme.swift */ = {isa = PBXFileReference; lastKnownFileType = sourcecode.swift; path = Theme.swift; sourceTree = "<group>"; };
		46FC76E061DF29F9B7397E1B /* InspectorPane.swift */ = {isa = PBXFileReference; lastKnownFileType = sourcecode.swift; path = InspectorPane.swift; sourceTree = "<group>"; };
		480D24FCE0D44504CE1B933C /* TextChunker.swift */ = {isa = PBXFileReference; lastKnownFileType = sourcecode.swift; path = TextChunker.swift; sourceTree = "<group>"; };
		577F4C0D53F0C329B3FFCE56 /* WAVEncoderTests.swift */ = {isa = PBXFileReference; lastKnownFileType = sourcecode.swift; path = WAVEncoderTests.swift; sourceTree = "<group>"; };
		616311D0487900ACAF23CF05 /* LocalAudioApp.swift */ = {isa = PBXFileReference; lastKnownFileType = sourcecode.swift; path = LocalAudioApp.swift; sourceTree = "<group>"; };
		74C7F7D03B9B3A8942476CA1 /* TransportBar.swift */ = {isa = PBXFileReference; lastKnownFileType = sourcecode.swift; path = TransportBar.swift; sourceTree = "<group>"; };
		75858B9928D29D693FD1E9A0 /* EchoLocalTests.xctest */ = {isa = PBXFileReference; explicitFileType = wrapper.cfbundle; includeInIndex = 0; path = EchoLocalTests.xctest; sourceTree = BUILT_PRODUCTS_DIR; };
		7C33D31FE7BF24337BA8DE97 /* KokoroInferenceSmokeTests.swift */ = {isa = PBXFileReference; lastKnownFileType = sourcecode.swift; path = KokoroInferenceSmokeTests.swift; sourceTree = "<group>"; };
		921F75C25622003F1A870093 /* AudioProcessor.swift */ = {isa = PBXFileReference; lastKnownFileType = sourcecode.swift; path = AudioProcessor.swift; sourceTree = "<group>"; };
		92F336CAEB97BB69E920897A /* EditorPane.swift */ = {isa = PBXFileReference; lastKnownFileType = sourcecode.swift; path = EditorPane.swift; sourceTree = "<group>"; };
		9CA8A3196E81642A4E9F19D0 /* EchoLocaliOS.app */ = {isa = PBXFileReference; includeInIndex = 0; lastKnownFileType = wrapper.application; path = EchoLocaliOS.app; sourceTree = BUILT_PRODUCTS_DIR; };
		A1A7207D7BB68948076A968C /* ModelSetupView.swift */ = {isa = PBXFileReference; lastKnownFileType = sourcecode.swift; path = ModelSetupView.swift; sourceTree = "<group>"; };
		B7C9884F24026F012AAFAEC6 /* AudioPlayerController.swift */ = {isa = PBXFileReference; lastKnownFileType = sourcecode.swift; path = AudioPlayerController.swift; sourceTree = "<group>"; };
		B8CECDAE8DC7C08A63F079FA /* WAVEncoder.swift */ = {isa = PBXFileReference; lastKnownFileType = sourcecode.swift; path = WAVEncoder.swift; sourceTree = "<group>"; };
		BC1C262969B544CB61E2ED0C /* Assets.xcassets */ = {isa = PBXFileReference; lastKnownFileType = folder.assetcatalog; path = Assets.xcassets; sourceTree = "<group>"; };
		D289928B346B4C5F767B9B2D /* AppModel.swift */ = {isa = PBXFileReference; lastKnownFileType = sourcecode.swift; path = AppModel.swift; sourceTree = "<group>"; };
		ED2D3E1F742E93F407C20FA1 /* WaveformView.swift */ = {isa = PBXFileReference; lastKnownFileType = sourcecode.swift; path = WaveformView.swift; sourceTree = "<group>"; };
		F540B871D61B8D9F02FE1019 /* KokoroSpeechEngine.swift */ = {isa = PBXFileReference; lastKnownFileType = sourcecode.swift; path = KokoroSpeechEngine.swift; sourceTree = "<group>"; };
		F578FC7A4C6000A6EA900DB1 /* ModelStore.swift */ = {isa = PBXFileReference; lastKnownFileType = sourcecode.swift; path = ModelStore.swift; sourceTree = "<group>"; };
		F7D1A96D39457C47FB09AB4F /* EchoLocal.app */ = {isa = PBXFileReference; explicitFileType = wrapper.application; includeInIndex = 0; path = EchoLocal.app; sourceTree = BUILT_PRODUCTS_DIR; };
		FB1255D1D3E2B3AE83D69B99 /* IPhoneContentView.swift */ = {isa = PBXFileReference; lastKnownFileType = sourcecode.swift; path = IPhoneContentView.swift; sourceTree = "<group>"; };
		FDABD302D4BDBC397B3B7179 /* KokoroVoice.swift */ = {isa = PBXFileReference; lastKnownFileType = sourcecode.swift; path = KokoroVoice.swift; sourceTree = "<group>"; };
/* End PBXFileReference section */

/* Begin PBXFrameworksBuildPhase section */
		3DF614EC44F2215A037DB2A3 /* Frameworks */ = {
			isa = PBXFrameworksBuildPhase;
			buildActionMask = 2147483647;
			files = (
				EB6EF1DC9855492ECB9CB049 /* KokoroSwift in Frameworks */,
				97AD7E122215AB062393F41D /* MLX in Frameworks */,
			);
			runOnlyForDeploymentPostprocessing = 0;
		};
		D791A3E344B14E62C0D93BCA /* Frameworks */ = {
			isa = PBXFrameworksBuildPhase;
			buildActionMask = 2147483647;
			files = (
				B2B42429B33EE3A83B90BAAC /* KokoroSwift in Frameworks */,
				3594DABCACDD582E7E81028F /* MLX in Frameworks */,
			);
			runOnlyForDeploymentPostprocessing = 0;
		};
/* End PBXFrameworksBuildPhase section */

/* Begin PBXGroup section */
		20EE2470F9ED4BF0E5F2BA53 /* Design */ = {
			isa = PBXGroup;
			children = (
				42DB18A29CBA6ADE55927586 /* Theme.swift */,
			);
			path = Design;
			sourceTree = "<group>";
		};
		2C32921003292E39AEA98BAF = {
			isa = PBXGroup;
			children = (
				B092039B289E3946DD5D3AFD /* EchoLocal */,
				4CC88285F761CACDB5A8B726 /* EchoLocalTests */,
				74F028BCE3A6EC99EA94DA5A /* Products */,
			);
			sourceTree = "<group>";
		};
		4CC88285F761CACDB5A8B726 /* EchoLocalTests */ = {
			isa = PBXGroup;
			children = (
				336C5F221FEEA8EB03B22D6A /* AudioProcessorTests.swift */,
				7C33D31FE7BF24337BA8DE97 /* KokoroInferenceSmokeTests.swift */,
				1CD9F380E222A13B6DF42E03 /* TextChunkerTests.swift */,
				577F4C0D53F0C329B3FFCE56 /* WAVEncoderTests.swift */,
			);
			path = EchoLocalTests;
			sourceTree = "<group>";
		};
		6EFBFFD5F77391BF8335EF49 /* Views */ = {
			isa = PBXGroup;
			children = (
				01448C727D3CEEEB5614C38E /* ContentView.swift */,
				92F336CAEB97BB69E920897A /* EditorPane.swift */,
				46FC76E061DF29F9B7397E1B /* InspectorPane.swift */,
				FB1255D1D3E2B3AE83D69B99 /* IPhoneContentView.swift */,
				A1A7207D7BB68948076A968C /* ModelSetupView.swift */,
				74C7F7D03B9B3A8942476CA1 /* TransportBar.swift */,
				ED2D3E1F742E93F407C20FA1 /* WaveformView.swift */,
			);
			path = Views;
			sourceTree = "<group>";
		};
		74F028BCE3A6EC99EA94DA5A /* Products */ = {
			isa = PBXGroup;
			children = (
				F7D1A96D39457C47FB09AB4F /* EchoLocal.app */,
				9CA8A3196E81642A4E9F19D0 /* EchoLocaliOS.app */,
				40D62E90B4FF22342A63A9E4 /* EchoLocaliOSTests.xctest */,
				75858B9928D29D693FD1E9A0 /* EchoLocalTests.xctest */,
			);
			name = Products;
			sourceTree = "<group>";
		};
		B092039B289E3946DD5D3AFD /* EchoLocal */ = {
			isa = PBXGroup;
			children = (
				D289928B346B4C5F767B9B2D /* AppModel.swift */,
				BC1C262969B544CB61E2ED0C /* Assets.xcassets */,
				616311D0487900ACAF23CF05 /* LocalAudioApp.swift */,
				20EE2470F9ED4BF0E5F2BA53 /* Design */,
				D469FD5AA079F89E1A1B0AEE /* Models */,
				B48CD36AD23D9C493952F26C /* Services */,
				6EFBFFD5F77391BF8335EF49 /* Views */,
			);
			path = EchoLocal;
			sourceTree = "<group>";
		};
		B48CD36AD23D9C493952F26C /* Services */ = {
			isa = PBXGroup;
			children = (
				B7C9884F24026F012AAFAEC6 /* AudioPlayerController.swift */,
				921F75C25622003F1A870093 /* AudioProcessor.swift */,
				F540B871D61B8D9F02FE1019 /* KokoroSpeechEngine.swift */,
				F578FC7A4C6000A6EA900DB1 /* ModelStore.swift */,
				480D24FCE0D44504CE1B933C /* TextChunker.swift */,
				B8CECDAE8DC7C08A63F079FA /* WAVEncoder.swift */,
			);
			path = Services;
			sourceTree = "<group>";
		};
		D469FD5AA079F89E1A1B0AEE /* Models */ = {
			isa = PBXGroup;
			children = (
				FDABD302D4BDBC397B3B7179 /* KokoroVoice.swift */,
				263D0CA21A6BB46CF475D3A5 /* SpeechSettings.swift */,
			);
			path = Models;
			sourceTree = "<group>";
		};
/* End PBXGroup section */

/* Begin PBXNativeTarget section */
		21E176A99FAF5A7A0BC35776 /* EchoLocalTests */ = {
			isa = PBXNativeTarget;
			buildConfigurationList = ADC863ECE072EE9F422D860D /* Build configuration list for PBXNativeTarget "EchoLocalTests" */;
			buildPhases = (
				437C8B7CA16C265403062A46 /* Sources */,
			);
			buildRules = (
			);
			dependencies = (
				2C8DB9432E5E356ECA07F951 /* PBXTargetDependency */,
			);
			name = EchoLocalTests;
			packageProductDependencies = (
			);
			productName = EchoLocalTests;
			productReference = 75858B9928D29D693FD1E9A0 /* EchoLocalTests.xctest */;
			productType = "com.apple.product-type.bundle.unit-test";
		};
		92AB487109B9F1DAB7926457 /* EchoLocal */ = {
			isa = PBXNativeTarget;
			buildConfigurationList = F46387077AECD0FC280AAFC7 /* Build configuration list for PBXNativeTarget "EchoLocal" */;
			buildPhases = (
				1AE83DBFF3DC4D3604872887 /* Sources */,
				09747786581475921265D0FB /* Resources */,
				D791A3E344B14E62C0D93BCA /* Frameworks */,
				0D10E8ECF33912FDDA8224E9 /* Embed Frameworks */,
			);
			buildRules = (
			);
			dependencies = (
			);
			name = EchoLocal;
			packageProductDependencies = (
				5ED8BD2848E32CE733491BD2 /* KokoroSwift */,
				63725182199955D75243A072 /* MLX */,
			);
			productName = EchoLocal;
			productReference = F7D1A96D39457C47FB09AB4F /* EchoLocal.app */;
			productType = "com.apple.product-type.application";
		};
		9DA8AB6E01321FE689DA23FA /* EchoLocaliOS */ = {
			isa = PBXNativeTarget;
			buildConfigurationList = E09843474FB0FFB0CBB96400 /* Build configuration list for PBXNativeTarget "EchoLocaliOS" */;
			buildPhases = (
				0D2039E7D1B7CBF4A087E7D4 /* Sources */,
				E4B1BB3650E865654E572B3D /* Resources */,
				3DF614EC44F2215A037DB2A3 /* Frameworks */,
				193FD1FCB389CEC59AD5FD4B /* Embed Frameworks */,
			);
			buildRules = (
			);
			dependencies = (
			);
			name = EchoLocaliOS;
			packageProductDependencies = (
				3262D17CD670139865F076C4 /* KokoroSwift */,
				2D1B537EA94B96AC4854C160 /* MLX */,
			);
			productName = EchoLocaliOS;
			productReference = 9CA8A3196E81642A4E9F19D0 /* EchoLocaliOS.app */;
			productType = "com.apple.product-type.application";
		};
		FEE6A3BBD6BC9C2F628E85C9 /* EchoLocaliOSTests */ = {
			isa = PBXNativeTarget;
			buildConfigurationList = 4861961D2CFCB7F1BAB7BA91 /* Build configuration list for PBXNativeTarget "EchoLocaliOSTests" */;
			buildPhases = (
				2524D933DAFA1A0B6F12C578 /* Sources */,
			);
			buildRules = (
			);
			dependencies = (
				E00EEB2C0F88CD4B67F6254B /* PBXTargetDependency */,
			);
			name = EchoLocaliOSTests;
			packageProductDependencies = (
			);
			productName = EchoLocaliOSTests;
			productReference = 40D62E90B4FF22342A63A9E4 /* EchoLocaliOSTests.xctest */;
			productType = "com.apple.product-type.bundle.unit-test";
		};
/* End PBXNativeTarget section */

/* Begin PBXProject section */
		FCBDBF3915A658892B53EC3A /* Project object */ = {
			isa = PBXProject;
			attributes = {
				BuildIndependentTargetsInParallel = YES;
				LastUpgradeCheck = 1430;
				TargetAttributes = {
				};
			};
			buildConfigurationList = 351ED34C11E739B4AB0A4D2F /* Build configuration list for PBXProject "EchoLocal" */;
			developmentRegion = en;
			hasScannedForEncodings = 0;
			knownRegions = (
				Base,
				en,
			);
			mainGroup = 2C32921003292E39AEA98BAF;
			minimizedProjectReferenceProxies = 1;
			packageReferences = (
				5BD6A4392656799FF54A1933 /* XCRemoteSwiftPackageReference "kokoro-ios" */,
				3EC7D5283432EA4A90A1DC94 /* XCRemoteSwiftPackageReference "mlx-swift" */,
			);
			preferredProjectObjectVersion = 77;
			productRefGroup = 74F028BCE3A6EC99EA94DA5A /* Products */;
			projectDirPath = "";
			projectRoot = "";
			targets = (
				92AB487109B9F1DAB7926457 /* EchoLocal */,
				21E176A99FAF5A7A0BC35776 /* EchoLocalTests */,
				9DA8AB6E01321FE689DA23FA /* EchoLocaliOS */,
				FEE6A3BBD6BC9C2F628E85C9 /* EchoLocaliOSTests */,
			);
		};
/* End PBXProject section */

/* Begin PBXResourcesBuildPhase section */
		09747786581475921265D0FB /* Resources */ = {
			isa = PBXResourcesBuildPhase;
			buildActionMask = 2147483647;
			files = (
				3BACFB715A09CB9011F4EAF5 /* Assets.xcassets in Resources */,
			);
			runOnlyForDeploymentPostprocessing = 0;
		};
		E4B1BB3650E865654E572B3D /* Resources */ = {
			isa = PBXResourcesBuildPhase;
			buildActionMask = 2147483647;
			files = (
				EDB1AF8A1207545857CD6277 /* Assets.xcassets in Resources */,
			);
			runOnlyForDeploymentPostprocessing = 0;
		};
/* End PBXResourcesBuildPhase section */

/* Begin PBXSourcesBuildPhase section */
		0D2039E7D1B7CBF4A087E7D4 /* Sources */ = {
			isa = PBXSourcesBuildPhase;
			buildActionMask = 2147483647;
			files = (
				600E0D7197C2505DEF075748 /* AppModel.swift in Sources */,
				5E41645583FE07ECCE1B2B09 /* AudioPlayerController.swift in Sources */,
				82FBED6211D8C1E5F7891AAB /* AudioProcessor.swift in Sources */,
				B9CFD81AEB76DB8FFB76FB98 /* IPhoneContentView.swift in Sources */,
				30F67D4B65F0BBCBA9A1E4B1 /* KokoroSpeechEngine.swift in Sources */,
				172B04715C5A643DBF32C688 /* KokoroVoice.swift in Sources */,
				3EB287A573F4052A684B48A7 /* LocalAudioApp.swift in Sources */,
				F0D44CAD73E66B6194E9CB11 /* ModelStore.swift in Sources */,
				F68419AD48689B1F3F498F9E /* SpeechSettings.swift in Sources */,
				5F9E91EEEE74740C981A34C0 /* TextChunker.swift in Sources */,
				E6242F2F4272BB9D959E66E3 /* Theme.swift in Sources */,
				34512C71B527977C7DE7A872 /* WAVEncoder.swift in Sources */,
				CB3D6760C62F94AF2306669C /* WaveformView.swift in Sources */,
			);
			runOnlyForDeploymentPostprocessing = 0;
		};
		1AE83DBFF3DC4D3604872887 /* Sources */ = {
			isa = PBXSourcesBuildPhase;
			buildActionMask = 2147483647;
			files = (
				45CADA159E292888298F5983 /* AppModel.swift in Sources */,
				6296FD8181EF54A4C1861EFE /* AudioPlayerController.swift in Sources */,
				8221EA70FAD8A177458AA187 /* AudioProcessor.swift in Sources */,
				0A96756D328EC29AD5EF3295 /* ContentView.swift in Sources */,
				DDEBC285361C7464BEF0AED7 /* EditorPane.swift in Sources */,
				3FDE8C27852559E1B079227F /* IPhoneContentView.swift in Sources */,
				97E6C010F52760135AC02BDF /* InspectorPane.swift in Sources */,
				8CC0C0C9D52AE24C5353AEDB /* KokoroSpeechEngine.swift in Sources */,
				B11CCD722A17371F8FC24550 /* KokoroVoice.swift in Sources */,
				CB298798B6E3E0B787CC550E /* LocalAudioApp.swift in Sources */,
				BF9604F808E0BE19DD792E48 /* ModelSetupView.swift in Sources */,
				DBCFC11F7541F7950B45E293 /* ModelStore.swift in Sources */,
				40D28C18F89FDFA63DEA81FA /* SpeechSettings.swift in Sources */,
				ABB1B847614A83E2607BDC27 /* TextChunker.swift in Sources */,
				6D3F7948D23C5ADB30FA8C60 /* Theme.swift in Sources */,
				06128475B71778340E8B4BC8 /* TransportBar.swift in Sources */,
				46D2375226246A45DC9CF62B /* WAVEncoder.swift in Sources */,
				641875A45965F340A3D140AD /* WaveformView.swift in Sources */,
			);
			runOnlyForDeploymentPostprocessing = 0;
		};
		2524D933DAFA1A0B6F12C578 /* Sources */ = {
			isa = PBXSourcesBuildPhase;
			buildActionMask = 2147483647;
			files = (
				471BB1791C1966742B3D6F05 /* AudioProcessorTests.swift in Sources */,
				57C042C75AD15F948C2F1473 /* KokoroInferenceSmokeTests.swift in Sources */,
				B14AE2002FFF63DBDF640BEF /* TextChunkerTests.swift in Sources */,
				95922E55190E4607AABEFC11 /* WAVEncoderTests.swift in Sources */,
			);
			runOnlyForDeploymentPostprocessing = 0;
		};
		437C8B7CA16C265403062A46 /* Sources */ = {
			isa = PBXSourcesBuildPhase;
			buildActionMask = 2147483647;
			files = (
				F1C7BD7CE9CE6DA444AA8763 /* AudioProcessorTests.swift in Sources */,
				DD68223B7AD33DBC229F7025 /* KokoroInferenceSmokeTests.swift in Sources */,
				840682CB4007EB28949A5E4E /* TextChunkerTests.swift in Sources */,
				5B41E237B86B834021173278 /* WAVEncoderTests.swift in Sources */,
			);
			runOnlyForDeploymentPostprocessing = 0;
		};
/* End PBXSourcesBuildPhase section */

/* Begin PBXTargetDependency section */
		2C8DB9432E5E356ECA07F951 /* PBXTargetDependency */ = {
			isa = PBXTargetDependency;
			target = 92AB487109B9F1DAB7926457 /* EchoLocal */;
			targetProxy = 59A1349B8B229ABC7C2D1400 /* PBXContainerItemProxy */;
		};
		E00EEB2C0F88CD4B67F6254B /* PBXTargetDependency */ = {
			isa = PBXTargetDependency;
			target = 9DA8AB6E01321FE689DA23FA /* EchoLocaliOS */;
			targetProxy = F649B0689831490728AFBB2A /* PBXContainerItemProxy */;
		};
/* End PBXTargetDependency section */

/* Begin XCBuildConfiguration section */
		24F958B40D49FE22969EEB2F /* Debug */ = {
			isa = XCBuildConfiguration;
			buildSettings = {
				ALWAYS_SEARCH_USER_PATHS = NO;
				CLANG_ANALYZER_NONNULL = YES;
				CLANG_ANALYZER_NUMBER_OBJECT_CONVERSION = YES_AGGRESSIVE;
				CLANG_CXX_LANGUAGE_STANDARD = "gnu++14";
				CLANG_CXX_LIBRARY = "libc++";
				CLANG_ENABLE_MODULES = YES;
				CLANG_ENABLE_OBJC_ARC = YES;
				CLANG_ENABLE_OBJC_WEAK = YES;
				CLANG_WARN_BLOCK_CAPTURE_AUTORELEASING = YES;
				CLANG_WARN_BOOL_CONVERSION = YES;
				CLANG_WARN_COMMA = YES;
				CLANG_WARN_CONSTANT_CONVERSION = YES;
				CLANG_WARN_DEPRECATED_OBJC_IMPLEMENTATIONS = YES;
				CLANG_WARN_DIRECT_OBJC_ISA_USAGE = YES_ERROR;
				CLANG_WARN_DOCUMENTATION_COMMENTS = YES;
				CLANG_WARN_EMPTY_BODY = YES;
				CLANG_WARN_ENUM_CONVERSION = YES;
				CLANG_WARN_INFINITE_RECURSION = YES;
				CLANG_WARN_INT_CONVERSION = YES;
				CLANG_WARN_NON_LITERAL_NULL_CONVERSION = YES;
				CLANG_WARN_OBJC_IMPLICIT_RETAIN_SELF = YES;
				CLANG_WARN_OBJC_LITERAL_CONVERSION = YES;
				CLANG_WARN_OBJC_ROOT_CLASS = YES_ERROR;
				CLANG_WARN_QUOTED_INCLUDE_IN_FRAMEWORK_HEADER = YES;
				CLANG_WARN_RANGE_LOOP_ANALYSIS = YES;
				CLANG_WARN_STRICT_PROTOTYPES = YES;
				CLANG_WARN_SUSPICIOUS_MOVE = YES;
				CLANG_WARN_UNGUARDED_AVAILABILITY = YES_AGGRESSIVE;
				CLANG_WARN_UNREACHABLE_CODE = YES;
				CLANG_WARN__DUPLICATE_METHOD_MATCH = YES;
				COPY_PHASE_STRIP = NO;
				DEBUG_INFORMATION_FORMAT = dwarf;
				ENABLE_STRICT_OBJC_MSGSEND = YES;
				ENABLE_TESTABILITY = YES;
				GCC_C_LANGUAGE_STANDARD = gnu11;
				GCC_DYNAMIC_NO_PIC = NO;
				GCC_NO_COMMON_BLOCKS = YES;
				GCC_OPTIMIZATION_LEVEL = 0;
				GCC_PREPROCESSOR_DEFINITIONS = (
					"$(inherited)",
					"DEBUG=1",
				);
				GCC_WARN_64_TO_32_BIT_CONVERSION = YES;
				GCC_WARN_ABOUT_RETURN_TYPE = YES_ERROR;
				GCC_WARN_UNDECLARED_SELECTOR = YES;
				GCC_WARN_UNINITIALIZED_AUTOS = YES_AGGRESSIVE;
				GCC_WARN_UNUSED_FUNCTION = YES;
				GCC_WARN_UNUSED_VARIABLE = YES;
				IPHONEOS_DEPLOYMENT_TARGET = 18.0;
				MACOSX_DEPLOYMENT_TARGET = 15.0;
				MTL_ENABLE_DEBUG_INFO = INCLUDE_SOURCE;
				MTL_FAST_MATH = YES;
				ONLY_ACTIVE_ARCH = YES;
				PRODUCT_NAME = "$(TARGET_NAME)";
				SWIFT_ACTIVE_COMPILATION_CONDITIONS = DEBUG;
				SWIFT_OPTIMIZATION_LEVEL = "-Onone";
				SWIFT_VERSION = 5.0;
			};
			name = Debug;
		};
		2F308A4F2464DE47D45A5C70 /* Debug */ = {
			isa = XCBuildConfiguration;
			buildSettings = {
				BUNDLE_LOADER = "$(TEST_HOST)";
				COMBINE_HIDPI_IMAGES = YES;
				GENERATE_INFOPLIST_FILE = YES;
				LD_RUNPATH_SEARCH_PATHS = (
					"$(inherited)",
					"@executable_path/../Frameworks",
					"@loader_path/../Frameworks",
				);
				PRODUCT_BUNDLE_IDENTIFIER = com.isbkch.echolocal.tests;
				SDKROOT = macosx;
				SWIFT_VERSION = 5.0;
				TEST_HOST = "$(BUILT_PRODUCTS_DIR)/Echolocal.app/Contents/MacOS/Echolocal";
			};
			name = Debug;
		};
		6F7AC955237430CD12E2DAA5 /* Release */ = {
			isa = XCBuildConfiguration;
			buildSettings = {
				ALWAYS_SEARCH_USER_PATHS = NO;
				CLANG_ANALYZER_NONNULL = YES;
				CLANG_ANALYZER_NUMBER_OBJECT_CONVERSION = YES_AGGRESSIVE;
				CLANG_CXX_LANGUAGE_STANDARD = "gnu++14";
				CLANG_CXX_LIBRARY = "libc++";
				CLANG_ENABLE_MODULES = YES;
				CLANG_ENABLE_OBJC_ARC = YES;
				CLANG_ENABLE_OBJC_WEAK = YES;
				CLANG_WARN_BLOCK_CAPTURE_AUTORELEASING = YES;
				CLANG_WARN_BOOL_CONVERSION = YES;
				CLANG_WARN_COMMA = YES;
				CLANG_WARN_CONSTANT_CONVERSION = YES;
				CLANG_WARN_DEPRECATED_OBJC_IMPLEMENTATIONS = YES;
				CLANG_WARN_DIRECT_OBJC_ISA_USAGE = YES_ERROR;
				CLANG_WARN_DOCUMENTATION_COMMENTS = YES;
				CLANG_WARN_EMPTY_BODY = YES;
				CLANG_WARN_ENUM_CONVERSION = YES;
				CLANG_WARN_INFINITE_RECURSION = YES;
				CLANG_WARN_INT_CONVERSION = YES;
				CLANG_WARN_NON_LITERAL_NULL_CONVERSION = YES;
				CLANG_WARN_OBJC_IMPLICIT_RETAIN_SELF = YES;
				CLANG_WARN_OBJC_LITERAL_CONVERSION = YES;
				CLANG_WARN_OBJC_ROOT_CLASS = YES_ERROR;
				CLANG_WARN_QUOTED_INCLUDE_IN_FRAMEWORK_HEADER = YES;
				CLANG_WARN_RANGE_LOOP_ANALYSIS = YES;
				CLANG_WARN_STRICT_PROTOTYPES = YES;
				CLANG_WARN_SUSPICIOUS_MOVE = YES;
				CLANG_WARN_UNGUARDED_AVAILABILITY = YES_AGGRESSIVE;
				CLANG_WARN_UNREACHABLE_CODE = YES;
				CLANG_WARN__DUPLICATE_METHOD_MATCH = YES;
				COPY_PHASE_STRIP = NO;
				DEBUG_INFORMATION_FORMAT = "dwarf-with-dsym";
				ENABLE_NS_ASSERTIONS = NO;
				ENABLE_STRICT_OBJC_MSGSEND = YES;
				GCC_C_LANGUAGE_STANDARD = gnu11;
				GCC_NO_COMMON_BLOCKS = YES;
				GCC_WARN_64_TO_32_BIT_CONVERSION = YES;
				GCC_WARN_ABOUT_RETURN_TYPE = YES_ERROR;
				GCC_WARN_UNDECLARED_SELECTOR = YES;
				GCC_WARN_UNINITIALIZED_AUTOS = YES_AGGRESSIVE;
				GCC_WARN_UNUSED_FUNCTION = YES;
				GCC_WARN_UNUSED_VARIABLE = YES;
				IPHONEOS_DEPLOYMENT_TARGET = 18.0;
				MACOSX_DEPLOYMENT_TARGET = 15.0;
				MTL_ENABLE_DEBUG_INFO = NO;
				MTL_FAST_MATH = YES;
				PRODUCT_NAME = "$(TARGET_NAME)";
				SWIFT_COMPILATION_MODE = wholemodule;
				SWIFT_OPTIMIZATION_LEVEL = "-O";
				SWIFT_VERSION = 5.0;
			};
			name = Release;
		};
		7E13802E653EB794029AF215 /* Debug */ = {
			isa = XCBuildConfiguration;
			buildSettings = {
				ASSETCATALOG_COMPILER_APPICON_NAME = AppIcon;
				CODE_SIGN_IDENTITY = "iPhone Developer";
				CURRENT_PROJECT_VERSION = 1;
				GENERATE_INFOPLIST_FILE = YES;
				INFOPLIST_FILE = EchoLocal/Info.plist;
				INFOPLIST_KEY_CFBundleDisplayName = Echolocal;
				INFOPLIST_KEY_LSApplicationCategoryType = "public.app-category.productivity";
				INFOPLIST_KEY_UIApplicationSupportsIndirectInputEvents = YES;
				INFOPLIST_KEY_UILaunchScreen_Generation = YES;
				INFOPLIST_KEY_UISupportedInterfaceOrientations = "UIInterfaceOrientationPortrait UIInterfaceOrientationPortraitUpsideDown UIInterfaceOrientationLandscapeLeft UIInterfaceOrientationLandscapeRight";
				INFOPLIST_KEY_UISupportedInterfaceOrientations_iPad = "UIInterfaceOrientationPortrait UIInterfaceOrientationPortraitUpsideDown UIInterfaceOrientationLandscapeLeft UIInterfaceOrientationLandscapeRight";
				LD_RUNPATH_SEARCH_PATHS = (
					"$(inherited)",
					"@executable_path/Frameworks",
				);
				MARKETING_VERSION = 1.0.0;
				PRODUCT_BUNDLE_IDENTIFIER = com.isbkch.echolocal;
				PRODUCT_MODULE_NAME = EchoLocal;
				PRODUCT_NAME = Echolocal;
				SDKROOT = iphoneos;
				SUPPORTS_MACCATALYST = NO;
				SWIFT_VERSION = 5.0;
				TARGETED_DEVICE_FAMILY = "1,2";
			};
			name = Debug;
		};
		89A590518131ABCA60672632 /* Debug */ = {
			isa = XCBuildConfiguration;
			buildSettings = {
				ASSETCATALOG_COMPILER_APPICON_NAME = AppIcon;
				CODE_SIGN_ENTITLEMENTS = EchoLocal/EchoLocal.entitlements;
				COMBINE_HIDPI_IMAGES = YES;
				CURRENT_PROJECT_VERSION = 1;
				ENABLE_HARDENED_RUNTIME = YES;
				GENERATE_INFOPLIST_FILE = NO;
				INFOPLIST_FILE = EchoLocal/Info.plist;
				LD_RUNPATH_SEARCH_PATHS = (
					"$(inherited)",
					"@executable_path/../Frameworks",
				);
				MARKETING_VERSION = 1.0.0;
				PRODUCT_BUNDLE_IDENTIFIER = com.isbkch.echolocal;
				PRODUCT_MODULE_NAME = EchoLocal;
				PRODUCT_NAME = Echolocal;
				SDKROOT = macosx;
				SWIFT_VERSION = 5.0;
			};
			name = Debug;
		};
		9F9BA6EE89B5BB880C4AEF35 /* Release */ = {
			isa = XCBuildConfiguration;
			buildSettings = {
				ASSETCATALOG_COMPILER_APPICON_NAME = AppIcon;
				CODE_SIGN_ENTITLEMENTS = EchoLocal/EchoLocal.entitlements;
				COMBINE_HIDPI_IMAGES = YES;
				CURRENT_PROJECT_VERSION = 1;
				ENABLE_HARDENED_RUNTIME = YES;
				GENERATE_INFOPLIST_FILE = NO;
				INFOPLIST_FILE = EchoLocal/Info.plist;
				LD_RUNPATH_SEARCH_PATHS = (
					"$(inherited)",
					"@executable_path/../Frameworks",
				);
				MARKETING_VERSION = 1.0.0;
				PRODUCT_BUNDLE_IDENTIFIER = com.isbkch.echolocal;
				PRODUCT_MODULE_NAME = EchoLocal;
				PRODUCT_NAME = Echolocal;
				SDKROOT = macosx;
				SWIFT_VERSION = 5.0;
			};
			name = Release;
		};
		A17A1C762E4CCBC747D4E5E1 /* Release */ = {
			isa = XCBuildConfiguration;
			buildSettings = {
				BUNDLE_LOADER = "$(TEST_HOST)";
				COMBINE_HIDPI_IMAGES = YES;
				GENERATE_INFOPLIST_FILE = YES;
				LD_RUNPATH_SEARCH_PATHS = (
					"$(inherited)",
					"@executable_path/../Frameworks",
					"@loader_path/../Frameworks",
				);
				PRODUCT_BUNDLE_IDENTIFIER = com.isbkch.echolocal.tests;
				SDKROOT = macosx;
				SWIFT_VERSION = 5.0;
				TEST_HOST = "$(BUILT_PRODUCTS_DIR)/Echolocal.app/Contents/MacOS/Echolocal";
			};
			name = Release;
		};
		A5B238D8196A0D0BA1C57FF6 /* Debug */ = {
			isa = XCBuildConfiguration;
			buildSettings = {
				BUNDLE_LOADER = "$(TEST_HOST)";
				GENERATE_INFOPLIST_FILE = YES;
				LD_RUNPATH_SEARCH_PATHS = (
					"$(inherited)",
					"@executable_path/Frameworks",
					"@loader_path/Frameworks",
				);
				PRODUCT_BUNDLE_IDENTIFIER = com.isbkch.echolocal.tests.ios;
				PRODUCT_MODULE_NAME = EchoLocalTests;
				SDKROOT = iphoneos;
				SWIFT_VERSION = 5.0;
				TARGETED_DEVICE_FAMILY = "1,2";
				TEST_HOST = "$(BUILT_PRODUCTS_DIR)/Echolocal.app/Echolocal";
			};
			name = Debug;
		};
		B5AEFD469D8B394FE4ADAD14 /* Release */ = {
			isa = XCBuildConfiguration;
			buildSettings = {
				ASSETCATALOG_COMPILER_APPICON_NAME = AppIcon;
				CODE_SIGN_IDENTITY = "iPhone Developer";
				CURRENT_PROJECT_VERSION = 1;
				GENERATE_INFOPLIST_FILE = YES;
				INFOPLIST_FILE = EchoLocal/Info.plist;
				INFOPLIST_KEY_CFBundleDisplayName = Echolocal;
				INFOPLIST_KEY_LSApplicationCategoryType = "public.app-category.productivity";
				INFOPLIST_KEY_UIApplicationSupportsIndirectInputEvents = YES;
				INFOPLIST_KEY_UILaunchScreen_Generation = YES;
				INFOPLIST_KEY_UISupportedInterfaceOrientations = "UIInterfaceOrientationPortrait UIInterfaceOrientationPortraitUpsideDown UIInterfaceOrientationLandscapeLeft UIInterfaceOrientationLandscapeRight";
				INFOPLIST_KEY_UISupportedInterfaceOrientations_iPad = "UIInterfaceOrientationPortrait UIInterfaceOrientationPortraitUpsideDown UIInterfaceOrientationLandscapeLeft UIInterfaceOrientationLandscapeRight";
				LD_RUNPATH_SEARCH_PATHS = (
					"$(inherited)",
					"@executable_path/Frameworks",
				);
				MARKETING_VERSION = 1.0.0;
				PRODUCT_BUNDLE_IDENTIFIER = com.isbkch.echolocal;
				PRODUCT_MODULE_NAME = EchoLocal;
				PRODUCT_NAME = Echolocal;
				SDKROOT = iphoneos;
				SUPPORTS_MACCATALYST = NO;
				SWIFT_VERSION = 5.0;
				TARGETED_DEVICE_FAMILY = "1,2";
			};
			name = Release;
		};
		C11F10EE621A3862F16168C5 /* Release */ = {
			isa = XCBuildConfiguration;
			buildSettings = {
				BUNDLE_LOADER = "$(TEST_HOST)";
				GENERATE_INFOPLIST_FILE = YES;
				LD_RUNPATH_SEARCH_PATHS = (
					"$(inherited)",
					"@executable_path/Frameworks",
					"@loader_path/Frameworks",
				);
				PRODUCT_BUNDLE_IDENTIFIER = com.isbkch.echolocal.tests.ios;
				PRODUCT_MODULE_NAME = EchoLocalTests;
				SDKROOT = iphoneos;
				SWIFT_VERSION = 5.0;
				TARGETED_DEVICE_FAMILY = "1,2";
				TEST_HOST = "$(BUILT_PRODUCTS_DIR)/Echolocal.app/Echolocal";
			};
			name = Release;
		};
/* End XCBuildConfiguration section */

/* Begin XCConfigurationList section */
		351ED34C11E739B4AB0A4D2F /* Build configuration list for PBXProject "EchoLocal" */ = {
			isa = XCConfigurationList;
			buildConfigurations = (
				24F958B40D49FE22969EEB2F /* Debug */,
				6F7AC955237430CD12E2DAA5 /* Release */,
			);
			defaultConfigurationIsVisible = 0;
			defaultConfigurationName = Debug;
		};
		4861961D2CFCB7F1BAB7BA91 /* Build configuration list for PBXNativeTarget "EchoLocaliOSTests" */ = {
			isa = XCConfigurationList;
			buildConfigurations = (
				A5B238D8196A0D0BA1C57FF6 /* Debug */,
				C11F10EE621A3862F16168C5 /* Release */,
			);
			defaultConfigurationIsVisible = 0;
			defaultConfigurationName = Debug;
		};
		ADC863ECE072EE9F422D860D /* Build configuration list for PBXNativeTarget "EchoLocalTests" */ = {
			isa = XCConfigurationList;
			buildConfigurations = (
				2F308A4F2464DE47D45A5C70 /* Debug */,
				A17A1C762E4CCBC747D4E5E1 /* Release */,
			);
			defaultConfigurationIsVisible = 0;
			defaultConfigurationName = Debug;
		};
		E09843474FB0FFB0CBB96400 /* Build configuration list for PBXNativeTarget "EchoLocaliOS" */ = {
			isa = XCConfigurationList;
			buildConfigurations = (
				7E13802E653EB794029AF215 /* Debug */,
				B5AEFD469D8B394FE4ADAD14 /* Release */,
			);
			defaultConfigurationIsVisible = 0;
			defaultConfigurationName = Debug;
		};
		F46387077AECD0FC280AAFC7 /* Build configuration list for PBXNativeTarget "EchoLocal" */ = {
			isa = XCConfigurationList;
			buildConfigurations = (
				89A590518131ABCA60672632 /* Debug */,
				9F9BA6EE89B5BB880C4AEF35 /* Release */,
			);
			defaultConfigurationIsVisible = 0;
			defaultConfigurationName = Debug;
		};
/* End XCConfigurationList section */

/* Begin XCRemoteSwiftPackageReference section */
		3EC7D5283432EA4A90A1DC94 /* XCRemoteSwiftPackageReference "mlx-swift" */ = {
			isa = XCRemoteSwiftPackageReference;
			repositoryURL = "https://github.com/ml-explore/mlx-swift.git";
			requirement = {
				kind = exactVersion;
				version = 0.30.6;
			};
		};
		5BD6A4392656799FF54A1933 /* XCRemoteSwiftPackageReference "kokoro-ios" */ = {
			isa = XCRemoteSwiftPackageReference;
			repositoryURL = "https://github.com/dakshaymehta/kokoro-ios.git";
			requirement = {
				kind = revision;
				revision = 411c4e8b6c813fbf2dd16bf7cb9b5362ab804e09;
			};
		};
/* End XCRemoteSwiftPackageReference section */

/* Begin XCSwiftPackageProductDependency section */
		2D1B537EA94B96AC4854C160 /* MLX */ = {
			isa = XCSwiftPackageProductDependency;
			package = 3EC7D5283432EA4A90A1DC94 /* XCRemoteSwiftPackageReference "mlx-swift" */;
			productName = MLX;
		};
		3262D17CD670139865F076C4 /* KokoroSwift */ = {
			isa = XCSwiftPackageProductDependency;
			package = 5BD6A4392656799FF54A1933 /* XCRemoteSwiftPackageReference "kokoro-ios" */;
			productName = KokoroSwift;
		};
		5ED8BD2848E32CE733491BD2 /* KokoroSwift */ = {
			isa = XCSwiftPackageProductDependency;
			package = 5BD6A4392656799FF54A1933 /* XCRemoteSwiftPackageReference "kokoro-ios" */;
			productName = KokoroSwift;
		};
		63725182199955D75243A072 /* MLX */ = {
			isa = XCSwiftPackageProductDependency;
			package = 3EC7D5283432EA4A90A1DC94 /* XCRemoteSwiftPackageReference "mlx-swift" */;
			productName = MLX;
		};
/* End XCSwiftPackageProductDependency section */
	};
	rootObject = FCBDBF3915A658892B53EC3A /* Project object */;
}
